{
    "_readme": [
        "This file locks the dependencies of your project to a known state",
        "Read more about it at http://getcomposer.org/doc/01-basic-usage.md#composer-lock-the-lock-file",
        "This file is @generated automatically"
    ],
    "hash": "aa08d1e642cc6b59cc6e2057605b44bc",
    "packages": [
        {
            "name": "jwilsson/spotify-web-api-php",
            "version": "0.8.1",
            "source": {
                "type": "git",
                "url": "https://github.com/jwilsson/spotify-web-api-php.git",
                "reference": "763df0ec38862bd31daf661583d1711f2eba02d7"
            },
            "dist": {
                "type": "zip",
                "url": "https://api.github.com/repos/jwilsson/spotify-web-api-php/zipball/763df0ec38862bd31daf661583d1711f2eba02d7",
                "reference": "763df0ec38862bd31daf661583d1711f2eba02d7",
                "shasum": ""
            },
            "require": {
                "php": ">=5.3.3"
            },
            "require-dev": {
                "phpunit/phpunit": "4.*",
                "satooshi/php-coveralls": "dev-master",
                "vlucas/phpdotenv": "1.*"
            },
            "type": "library",
            "autoload": {
                "psr-4": {
                    "SpotifyWebAPI\\": "src/"
                }
            },
            "notification-url": "https://packagist.org/downloads/",
            "license": [
                "MIT"
            ],
            "authors": [
                {
                    "name": "Jonathan Wilsson",
                    "email": "jonathan.wilsson@gmail.com"
                }
            ],
            "description": "PHP implementation of Spotify's Web API.",
            "homepage": "http://jwilsson.github.io/spotify-web-api-php/",
            "keywords": [
                "spotify"
            ],
            "time": "2015-03-29 19:17:24"
        }
    ],
    "packages-dev": [],
    "aliases": [],
    "minimum-stability": "stable",
    "stability-flags": [],
    "prefer-stable": false,
    "prefer-lowest": false,
    "platform": [],
    "platform-dev": []
}
